
Microsoft Visual Studio Solution File, Format Version 12.00
# Visual Studio Version 17
VisualStudioVersion = 17.10.35122.118
MinimumVisualStudioVersion = 10.0.40219.1
Project("{9A19103F-16F7-4668-BE54-9A1E7A4F7556}") = "OptiDemo.Cms12", "src\OptiDemo.Cms12.csproj", "{9008FDB7-BA48-44FF-ABF4-98A4D7C6393D}"
EndProject
Global
	GlobalSection(SolutionConfigurationPlatforms) = preSolution
		Debug|Any CPU = Debug|Any CPU
		Release|Any CPU = Release|Any CPU
	EndGlobalSection
	GlobalSection(ProjectConfigurationPlatforms) = postSolution
		{9008FDB7-BA48-44FF-ABF4-98A4D7C6393D}.Debug|Any CPU.ActiveCfg = Debug|Any CPU
		{9008FDB7-BA48-44FF-ABF4-98A4D7C6393D}.Debug|Any CPU.Build.0 = Debug|Any CPU
		{9008FDB7-BA48-44FF-ABF4-98A4D7C6393D}.Release|Any CPU.ActiveCfg = Release|Any CPU
		{9008FDB7-BA48-44FF-ABF4-98A4D7C6393D}.Release|Any CPU.Build.0 = Release|Any CPU
	EndGlobalSection
	GlobalSection(SolutionProperties) = preSolution
		HideSolutionNode = FALSE
	EndGlobalSection
	GlobalSection(ExtensibilityGlobals) = postSolution
		SolutionGuid = {1AD072EB-2533-420B-9104-14DABF67985F}
	EndGlobalSection
EndGlobal
